// !$*UTF8*$!
{
	archiveVersion = 1;
	classes = {
	};
	objectVersion = 46;
	objects = {

/* Begin PBXBuildFile section */
		0C009D3368709E476972D013 /* include_juce_events.mm in Sources */ = {isa = PBXBuildFile; fileRef = EF519C85277CEC1121CD2375 /* include_juce_events.mm */; };
		100D80F388121088335CC4E1 /* UIKit.framework in Frameworks */ = {isa = PBXBuildFile; fileRef = 1ADCB428CC4817D8F08E0EC8 /* UIKit.framework */; };
		1263CA696E3ADE0930F28BA3 /* MobileCoreServices.framework in Frameworks */ = {isa = PBXBuildFile; fileRef = 5FE7EA003E21EC7CAD8CD08A /* MobileCoreServices.framework */; };
		2694A9D4DD93A2B1ACAF1B71 /* include_juce_gui_extra.mm in Sources */ = {isa = PBXBuildFile; fileRef = 66931116B579D9291279F128 /* include_juce_gui_extra.mm */; };
		2F90ABF2EDCE356F482DEB4E /* Accelerate.framework in Frameworks */ = {isa = PBXBuildFile; fileRef = D1D6668F705746EF575303BE /* Accelerate.framework */; };
		305DA07CE5F40C334F8717DF /* include_juce_audio_basics.mm in Sources */ = {isa = PBXBuildFile; fileRef = 04E2F5B68658581CA288E15D /* include_juce_audio_basics.mm */; };
		37DE34CD178D79385A6B0DF0 /* Images.xcassets in Resources */ = {isa = PBXBuildFile; fileRef = 9AD5DC22CB88B469124AC50B /* Images.xcassets */; };
		4506C0687B081A879F542848 /* OpenGLES.framework in Frameworks */ = {isa = PBXBuildFile; fileRef = 31EC13840C65CEB55AF46BFB /* OpenGLES.framework */; };
		575AAD634588491E30F893AA /* include_juce_data_structures.mm in Sources */ = {isa = PBXBuildFile; fileRef = D979ABA91469BE36A5B2A0F8 /* include_juce_data_structures.mm */; };
		5D85F6FF278C67A9F3F24F82 /* include_juce_audio_processors.mm in Sources */ = {isa = PBXBuildFile; fileRef = A6165DB95507CA355B5D70C2 /* include_juce_audio_processors.mm */; };
		6994DAEB76981CD62AF2F3B3 /* CoreAudioKit.framework in Frameworks */ = {isa = PBXBuildFile; fileRef = 60BC4D1680BC3B793A9D9C00 /* CoreAudioKit.framework */; };
		6C3D97B37BAFB0AE59248B0D /* include_juce_cryptography.mm in Sources */ = {isa = PBXBuildFile; fileRef = D1B9D7146C29DDFE005BC52F /* include_juce_cryptography.mm */; };
		720AB20C32464E65758917A6 /* include_juce_audio_devices.mm in Sources */ = {isa = PBXBuildFile; fileRef = 5E39B2794EF1B5224B8C5AC0 /* include_juce_audio_devices.mm */; };
		74E6C8FA0E6F19290748B074 /* MainComponent.cpp in Sources */ = {isa = PBXBuildFile; fileRef = E0687B0F6F75E8AC9CCD3403 /* MainComponent.cpp */; };
		7D9B38DDDA0CCED7BD68022A /* include_juce_gui_basics.mm in Sources */ = {isa = PBXBuildFile; fileRef = 23BD8C8EB9B91D467BE9C95C /* include_juce_gui_basics.mm */; };
		7DA13F87FA981EEF095BAB9E /* include_juce_opengl.mm in Sources */ = {isa = PBXBuildFile; fileRef = 7DF044D1992EEE8013CA59AB /* include_juce_opengl.mm */; };
		8C72B224BE3D7206E8C074D1 /* AudioToolbox.framework in Frameworks */ = {isa = PBXBuildFile; fileRef = 10F1060290ADE80B618ED462 /* AudioToolbox.framework */; };
		942876B379BA7861E147CF47 /* QuartzCore.framework in Frameworks */ = {isa = PBXBuildFile; fileRef = E9EF5B13BE1843CAECD82A66 /* QuartzCore.framework */; };
		984CA46F086EF26399CC0878 /* CoreGraphics.framework in Frameworks */ = {isa = PBXBuildFile; fileRef = 58709E0F20F6AB7746A30963 /* CoreGraphics.framework */; };
		A04CA1F72C58B4DD387E40D9 /* CoreAudio.framework in Frameworks */ = {isa = PBXBuildFile; fileRef = 6590CB027E9666A5A5F7EE04 /* CoreAudio.framework */; };
		A29C4D632D77C97A21FA2413 /* include_juce_graphics.mm in Sources */ = {isa = PBXBuildFile; fileRef = 19E0109A4B2C9A99A0537E47 /* include_juce_graphics.mm */; };
		A98F3BA6D63C2A215916F2C7 /* include_juce_audio_formats.mm in Sources */ = {isa = PBXBuildFile; fileRef = 238E4F1380FE9C3DCD8EF82D /* include_juce_audio_formats.mm */; };
		B82134DDC64D4D2396872C00 /* CoreImage.framework in Frameworks */ = {isa = PBXBuildFile; fileRef = AD2C9451E2E19DA7A1EF4CB6 /* CoreImage.framework */; };
		BC1B0754AE49DC1794041305 /* CoreText.framework in Frameworks */ = {isa = PBXBuildFile; fileRef = 90FBE5798A2ED45814228112 /* CoreText.framework */; };
		CA1E57DFCC48175294432D06 /* CoreMIDI.framework in Frameworks */ = {isa = PBXBuildFile; fileRef = 03D4B7D162D7CBED46A11356 /* CoreMIDI.framework */; };
		D24E70D2B32F494BA68736DC /* LaunchScreen.storyboard in Resources */ = {isa = PBXBuildFile; fileRef = BD4A400A65A04B2081125D04 /* LaunchScreen.storyboard */; };
		D423022D3399A06F644A51E6 /* AVFoundation.framework in Frameworks */ = {isa = PBXBuildFile; fileRef = 53E96319FE865B9520997716 /* AVFoundation.framework */; };
		D7751A3C3D1960136EC68607 /* Main.cpp in Sources */ = {isa = PBXBuildFile; fileRef = E8CEE188A7121C9358D17F52 /* Main.cpp */; };
		D9E6B0CFBB50F1A46A4BDE2B /* Foundation.framework in Frameworks */ = {isa = PBXBuildFile; fileRef = 440B80983681B0D6A4B2284D /* Foundation.framework */; };
		E910305FDE3BAAB9563DFE09 /* include_juce_audio_utils.mm in Sources */ = {isa = PBXBuildFile; fileRef = 66AC1852149AC8B4509EA1F2 /* include_juce_audio_utils.mm */; };
		E93120F8A8B7B3C8684F6624 /* include_juce_core.mm in Sources */ = {isa = PBXBuildFile; fileRef = 74D655FC6C5633A3C3A59759 /* include_juce_core.mm */; };
/* End PBXBuildFile section */

/* Begin PBXFileReference section */
		020C29E683E39453164A42E7 /* juce_opengl */ = {isa = PBXFileReference; lastKnownFileType = text; name = juce_opengl; path = "~/JUCE/modules/juce_opengl"; sourceTree = "<absolute>"; };
		03D4B7D162D7CBED46A11356 /* CoreMIDI.framework */ = {isa = PBXFileReference; lastKnownFileType = wrapper.framework; name = CoreMIDI.framework; path = System/Library/Frameworks/CoreMIDI.framework; sourceTree = SDKROOT; };
		04E2F5B68658581CA288E15D /* include_juce_audio_basics.mm */ = {isa = PBXFileReference; lastKnownFileType = sourcecode.cpp.objcpp; name = include_juce_audio_basics.mm; path = ../../JuceLibraryCode/include_juce_audio_basics.mm; sourceTree = SOURCE_ROOT; };
		06AD1F161BAF6F46B37D2F42 /* juce_gui_extra */ = {isa = PBXFileReference; lastKnownFileType = text; name = juce_gui_extra; path = "~/JUCE/modules/juce_gui_extra"; sourceTree = "<absolute>"; };
		10F1060290ADE80B618ED462 /* AudioToolbox.framework */ = {isa = PBXFileReference; lastKnownFileType = wrapper.framework; name = AudioToolbox.framework; path = System/Library/Frameworks/AudioToolbox.framework; sourceTree = SDKROOT; };
		19E0109A4B2C9A99A0537E47 /* include_juce_graphics.mm */ = {isa = PBXFileReference; lastKnownFileType = sourcecode.cpp.objcpp; name = include_juce_graphics.mm; path = ../../JuceLibraryCode/include_juce_graphics.mm; sourceTree = SOURCE_ROOT; };
		1ADCB428CC4817D8F08E0EC8 /* UIKit.framework */ = {isa = PBXFileReference; lastKnownFileType = wrapper.framework; name = UIKit.framework; path = System/Library/Frameworks/UIKit.framework; sourceTree = SDKROOT; };
		238E4F1380FE9C3DCD8EF82D /* include_juce_audio_formats.mm */ = {isa = PBXFileReference; lastKnownFileType = sourcecode.cpp.objcpp; name = include_juce_audio_formats.mm; path = ../../JuceLibraryCode/include_juce_audio_formats.mm; sourceTree = SOURCE_ROOT; };
		23BD8C8EB9B91D467BE9C95C /* include_juce_gui_basics.mm */ = {isa = PBXFileReference; lastKnownFileType = sourcecode.cpp.objcpp; name = include_juce_gui_basics.mm; path = ../../JuceLibraryCode/include_juce_gui_basics.mm; sourceTree = SOURCE_ROOT; };
		2555106B89A5E0F0E6F48FB7 /* juce_graphics */ = {isa = PBXFileReference; lastKnownFileType = text; name = juce_graphics; path = "~/JUCE/modules/juce_graphics"; sourceTree = "<absolute>"; };
		31EC13840C65CEB55AF46BFB /* OpenGLES.framework */ = {isa = PBXFileReference; lastKnownFileType = wrapper.framework; name = OpenGLES.framework; path = System/Library/Frameworks/OpenGLES.framework; sourceTree = SDKROOT; };
		33ACD5F8F60BEEE270514B72 /* MainComponent.h */ = {isa = PBXFileReference; lastKnownFileType = sourcecode.c.h; name = MainComponent.h; path = ../../Source/MainComponent.h; sourceTree = SOURCE_ROOT; };
		35BB10B62BA239554D5750C1 /* juce_audio_devices */ = {isa = PBXFileReference; lastKnownFileType = text; name = juce_audio_devices; path = "~/JUCE/modules/juce_audio_devices"; sourceTree = "<absolute>"; };
		3AA92A637A663B5A46CAD351 /* juce_audio_processors */ = {isa = PBXFileReference; lastKnownFileType = text; name = juce_audio_processors; path = "~/JUCE/modules/juce_audio_processors"; sourceTree = "<absolute>"; };
		440B80983681B0D6A4B2284D /* Foundation.framework */ = {isa = PBXFileReference; lastKnownFileType = wrapper.framework; name = Foundation.framework; path = System/Library/Frameworks/Foundation.framework; sourceTree = SDKROOT; };
		493B259C9ED1A6E1C9BF83F7 /* juce_events */ = {isa = PBXFileReference; lastKnownFileType = text; name = juce_events; path = "~/JUCE/modules/juce_events"; sourceTree = "<absolute>"; };
		53E96319FE865B9520997716 /* AVFoundation.framework */ = {isa = PBXFileReference; lastKnownFileType = wrapper.framework; name = AVFoundation.framework; path = System/Library/Frameworks/AVFoundation.framework; sourceTree = SDKROOT; };
		58709E0F20F6AB7746A30963 /* CoreGraphics.framework */ = {isa = PBXFileReference; lastKnownFileType = wrapper.framework; name = CoreGraphics.framework; path = System/Library/Frameworks/CoreGraphics.framework; sourceTree = SDKROOT; };
		5E39B2794EF1B5224B8C5AC0 /* include_juce_audio_devices.mm */ = {isa = PBXFileReference; lastKnownFileType = sourcecode.cpp.objcpp; name = include_juce_audio_devices.mm; path = ../../JuceLibraryCode/include_juce_audio_devices.mm; sourceTree = SOURCE_ROOT; };
		5FE7EA003E21EC7CAD8CD08A /* MobileCoreServices.framework */ = {isa = PBXFileReference; lastKnownFileType = wrapper.framework; name = MobileCoreServices.framework; path = System/Library/Frameworks/MobileCoreServices.framework; sourceTree = SDKROOT; };
		60BC4D1680BC3B793A9D9C00 /* CoreAudioKit.framework */ = {isa = PBXFileReference; lastKnownFileType = wrapper.framework; name = CoreAudioKit.framework; path = System/Library/Frameworks/CoreAudioKit.framework; sourceTree = SDKROOT; };
		6590CB027E9666A5A5F7EE04 /* CoreAudio.framework */ = {isa = PBXFileReference; lastKnownFileType = wrapper.framework; name = CoreAudio.framework; path = System/Library/Frameworks/CoreAudio.framework; sourceTree = SDKROOT; };
		66931116B579D9291279F128 /* include_juce_gui_extra.mm */ = {isa = PBXFileReference; lastKnownFileType = sourcecode.cpp.objcpp; name = include_juce_gui_extra.mm; path = ../../JuceLibraryCode/include_juce_gui_extra.mm; sourceTree = SOURCE_ROOT; };
		66AC1852149AC8B4509EA1F2 /* include_juce_audio_utils.mm */ = {isa = PBXFileReference; lastKnownFileType = sourcecode.cpp.objcpp; name = include_juce_audio_utils.mm; path = ../../JuceLibraryCode/include_juce_audio_utils.mm; sourceTree = SOURCE_ROOT; };
		74D655FC6C5633A3C3A59759 /* include_juce_core.mm */ = {isa = PBXFileReference; lastKnownFileType = sourcecode.cpp.objcpp; name = include_juce_core.mm; path = ../../JuceLibraryCode/include_juce_core.mm; sourceTree = SOURCE_ROOT; };
		7799CBC971F0594AF42D544D /* juce_core */ = {isa = PBXFileReference; lastKnownFileType = text; name = juce_core; path = "~/JUCE/modules/juce_core"; sourceTree = "<absolute>"; };
		77CF387ABA06596509A73866 /* AppConfig.h */ = {isa = PBXFileReference; lastKnownFileType = sourcecode.c.h; name = AppConfig.h; path = ../../JuceLibraryCode/AppConfig.h; sourceTree = SOURCE_ROOT; };
		7C0677439DD3D8356D78A768 /* JuceHeader.h */ = {isa = PBXFileReference; lastKnownFileType = sourcecode.c.h; name = JuceHeader.h; path = ../../JuceLibraryCode/JuceHeader.h; sourceTree = SOURCE_ROOT; };
		7DF044D1992EEE8013CA59AB /* include_juce_opengl.mm */ = {isa = PBXFileReference; lastKnownFileType = sourcecode.cpp.objcpp; name = include_juce_opengl.mm; path = ../../JuceLibraryCode/include_juce_opengl.mm; sourceTree = SOURCE_ROOT; };
		7E3245638DB42E9094B71F47 /* juce_audio_formats */ = {isa = PBXFileReference; lastKnownFileType = text; name = juce_audio_formats; path = "~/JUCE/modules/juce_audio_formats"; sourceTree = "<absolute>"; };
		90FBE5798A2ED45814228112 /* CoreText.framework */ = {isa = PBXFileReference; lastKnownFileType = wrapper.framework; name = CoreText.framework; path = System/Library/Frameworks/CoreText.framework; sourceTree = SDKROOT; };
		9166223CAE52BB243B699409 /* juce_data_structures */ = {isa = PBXFileReference; lastKnownFileType = text; name = juce_data_structures; path = "~/JUCE/modules/juce_data_structures"; sourceTree = "<absolute>"; };
		9AD5DC22CB88B469124AC50B /* Images.xcassets */ = {isa = PBXFileReference; lastKnownFileType = folder.assetcatalog; name = Images.xcassets; path = SMPTEsender/Images.xcassets; sourceTree = SOURCE_ROOT; };
		9BDAA630E21B52B0AF49905E /* Info-App.plist */ = {isa = PBXFileReference; lastKnownFileType = text.plist.xml; path = "Info-App.plist"; sourceTree = SOURCE_ROOT; };
		A1C242BAE9ABDF5D5162D3CD /* juce_gui_basics */ = {isa = PBXFileReference; lastKnownFileType = text; name = juce_gui_basics; path = "~/JUCE/modules/juce_gui_basics"; sourceTree = "<absolute>"; };
		A6165DB95507CA355B5D70C2 /* include_juce_audio_processors.mm */ = {isa = PBXFileReference; lastKnownFileType = sourcecode.cpp.objcpp; name = include_juce_audio_processors.mm; path = ../../JuceLibraryCode/include_juce_audio_processors.mm; sourceTree = SOURCE_ROOT; };
		AD2C9451E2E19DA7A1EF4CB6 /* CoreImage.framework */ = {isa = PBXFileReference; lastKnownFileType = wrapper.framework; name = CoreImage.framework; path = System/Library/Frameworks/CoreImage.framework; sourceTree = SDKROOT; };
		BA9471DCA8C47B243C4EEEC4 /* juce_cryptography */ = {isa = PBXFileReference; lastKnownFileType = text; name = juce_cryptography; path = "~/JUCE/modules/juce_cryptography"; sourceTree = "<absolute>"; };
		BB925634F535E4732CB74457 /* juce_audio_utils */ = {isa = PBXFileReference; lastKnownFileType = text; name = juce_audio_utils; path = "~/JUCE/modules/juce_audio_utils"; sourceTree = "<absolute>"; };
		BD4A400A65A04B2081125D04 /* LaunchScreen.storyboard */ = {isa = PBXFileReference; lastKnownFileType = file.storyboard; path = LaunchScreen.storyboard; sourceTree = SOURCE_ROOT; };
		D1B9D7146C29DDFE005BC52F /* include_juce_cryptography.mm */ = {isa = PBXFileReference; lastKnownFileType = sourcecode.cpp.objcpp; name = include_juce_cryptography.mm; path = ../../JuceLibraryCode/include_juce_cryptography.mm; sourceTree = SOURCE_ROOT; };
		D1D6668F705746EF575303BE /* Accelerate.framework */ = {isa = PBXFileReference; lastKnownFileType = wrapper.framework; name = Accelerate.framework; path = System/Library/Frameworks/Accelerate.framework; sourceTree = SDKROOT; };
		D2AE6A2AB64DF8C59C947CD3 /* juce_audio_basics */ = {isa = PBXFileReference; lastKnownFileType = text; name = juce_audio_basics; path = "~/JUCE/modules/juce_audio_basics"; sourceTree = "<absolute>"; };
		D571C5091D0E17A3E56A2DA9 /* SMPTEsender.app */ = {isa = PBXFileReference; explicitFileType = wrapper.application; includeInIndex = 0; path = SMPTEsender.app; sourceTree = BUILT_PRODUCTS_DIR; };
		D979ABA91469BE36A5B2A0F8 /* include_juce_data_structures.mm */ = {isa = PBXFileReference; lastKnownFileType = sourcecode.cpp.objcpp; name = include_juce_data_structures.mm; path = ../../JuceLibraryCode/include_juce_data_structures.mm; sourceTree = SOURCE_ROOT; };
		E0687B0F6F75E8AC9CCD3403 /* MainComponent.cpp */ = {isa = PBXFileReference; lastKnownFileType = sourcecode.cpp.cpp; name = MainComponent.cpp; path = ../../Source/MainComponent.cpp; sourceTree = SOURCE_ROOT; };
		E8CEE188A7121C9358D17F52 /* Main.cpp */ = {isa = PBXFileReference; lastKnownFileType = sourcecode.cpp.cpp; name = Main.cpp; path = ../../Source/Main.cpp; sourceTree = SOURCE_ROOT; };
		E9EF5B13BE1843CAECD82A66 /* QuartzCore.framework */ = {isa = PBXFileReference; lastKnownFileType = wrapper.framework; name = QuartzCore.framework; path = System/Library/Frameworks/QuartzCore.framework; sourceTree = SDKROOT; };
		EF519C85277CEC1121CD2375 /* include_juce_events.mm */ = {isa = PBXFileReference; lastKnownFileType = sourcecode.cpp.objcpp; name = include_juce_events.mm; path = ../../JuceLibraryCode/include_juce_events.mm; sourceTree = SOURCE_ROOT; };
/* End PBXFileReference section */

/* Begin PBXFrameworksBuildPhase section */
		4A2C4CCCB9BD82C52259EB94 /* Frameworks */ = {
			isa = PBXFrameworksBuildPhase;
			buildActionMask = 2147483647;
			files = (
				2F90ABF2EDCE356F482DEB4E /* Accelerate.framework in Frameworks */,
				8C72B224BE3D7206E8C074D1 /* AudioToolbox.framework in Frameworks */,
				D423022D3399A06F644A51E6 /* AVFoundation.framework in Frameworks */,
				A04CA1F72C58B4DD387E40D9 /* CoreAudio.framework in Frameworks */,
				6994DAEB76981CD62AF2F3B3 /* CoreAudioKit.framework in Frameworks */,
				984CA46F086EF26399CC0878 /* CoreGraphics.framework in Frameworks */,
				B82134DDC64D4D2396872C00 /* CoreImage.framework in Frameworks */,
				CA1E57DFCC48175294432D06 /* CoreMIDI.framework in Frameworks */,
				BC1B0754AE49DC1794041305 /* CoreText.framework in Frameworks */,
				D9E6B0CFBB50F1A46A4BDE2B /* Foundation.framework in Frameworks */,
				1263CA696E3ADE0930F28BA3 /* MobileCoreServices.framework in Frameworks */,
				4506C0687B081A879F542848 /* OpenGLES.framework in Frameworks */,
				942876B379BA7861E147CF47 /* QuartzCore.framework in Frameworks */,
				100D80F388121088335CC4E1 /* UIKit.framework in Frameworks */,
			);
			runOnlyForDeploymentPostprocessing = 0;
		};
/* End PBXFrameworksBuildPhase section */

/* Begin PBXGroup section */
		23C4F7B1BCC7CC4559B9A6DF /* Resources */ = {
			isa = PBXGroup;
			children = (
				9BDAA630E21B52B0AF49905E /* Info-App.plist */,
				9AD5DC22CB88B469124AC50B /* Images.xcassets */,
				BD4A400A65A04B2081125D04 /* LaunchScreen.storyboard */,
			);
			name = Resources;
			sourceTree = "<group>";
		};
		2732A0F87E58C8EF7B1942FB /* JUCE Modules */ = {
			isa = PBXGroup;
			children = (
				D2AE6A2AB64DF8C59C947CD3 /* juce_audio_basics */,
				35BB10B62BA239554D5750C1 /* juce_audio_devices */,
				7E3245638DB42E9094B71F47 /* juce_audio_formats */,
				3AA92A637A663B5A46CAD351 /* juce_audio_processors */,
				BB925634F535E4732CB74457 /* juce_audio_utils */,
				7799CBC971F0594AF42D544D /* juce_core */,
				BA9471DCA8C47B243C4EEEC4 /* juce_cryptography */,
				9166223CAE52BB243B699409 /* juce_data_structures */,
				493B259C9ED1A6E1C9BF83F7 /* juce_events */,
				2555106B89A5E0F0E6F48FB7 /* juce_graphics */,
				A1C242BAE9ABDF5D5162D3CD /* juce_gui_basics */,
				06AD1F161BAF6F46B37D2F42 /* juce_gui_extra */,
				020C29E683E39453164A42E7 /* juce_opengl */,
			);
			name = "JUCE Modules";
			sourceTree = "<group>";
		};
		2E003BC710947BE4B65E153E /* Source */ = {
			isa = PBXGroup;
			children = (
				33ACD5F8F60BEEE270514B72 /* MainComponent.h */,
				E0687B0F6F75E8AC9CCD3403 /* MainComponent.cpp */,
				E8CEE188A7121C9358D17F52 /* Main.cpp */,
			);
			name = Source;
			sourceTree = "<group>";
		};
		510A1F68855721D637487DF7 /* JUCE Library Code */ = {
			isa = PBXGroup;
			children = (
				77CF387ABA06596509A73866 /* AppConfig.h */,
				04E2F5B68658581CA288E15D /* include_juce_audio_basics.mm */,
				5E39B2794EF1B5224B8C5AC0 /* include_juce_audio_devices.mm */,
				238E4F1380FE9C3DCD8EF82D /* include_juce_audio_formats.mm */,
				A6165DB95507CA355B5D70C2 /* include_juce_audio_processors.mm */,
				66AC1852149AC8B4509EA1F2 /* include_juce_audio_utils.mm */,
				74D655FC6C5633A3C3A59759 /* include_juce_core.mm */,
				D1B9D7146C29DDFE005BC52F /* include_juce_cryptography.mm */,
				D979ABA91469BE36A5B2A0F8 /* include_juce_data_structures.mm */,
				EF519C85277CEC1121CD2375 /* include_juce_events.mm */,
				19E0109A4B2C9A99A0537E47 /* include_juce_graphics.mm */,
				23BD8C8EB9B91D467BE9C95C /* include_juce_gui_basics.mm */,
				66931116B579D9291279F128 /* include_juce_gui_extra.mm */,
				7DF044D1992EEE8013CA59AB /* include_juce_opengl.mm */,
				7C0677439DD3D8356D78A768 /* JuceHeader.h */,
			);
			name = "JUCE Library Code";
			sourceTree = "<group>";
		};
		70710B35F9E5A8E1B98E1BEA /* Source */ = {
			isa = PBXGroup;
			children = (
				E056C59A79992E6E82369039 /* SMPTEsender */,
				2732A0F87E58C8EF7B1942FB /* JUCE Modules */,
				510A1F68855721D637487DF7 /* JUCE Library Code */,
				23C4F7B1BCC7CC4559B9A6DF /* Resources */,
				DCC0D9D352204D2DEF119815 /* Frameworks */,
				CF7E1AC67094ACCFF0BB90B6 /* Products */,
			);
			name = Source;
			sourceTree = "<group>";
		};
		CF7E1AC67094ACCFF0BB90B6 /* Products */ = {
			isa = PBXGroup;
			children = (
				D571C5091D0E17A3E56A2DA9 /* SMPTEsender.app */,
			);
			name = Products;
			sourceTree = "<group>";
		};
		DCC0D9D352204D2DEF119815 /* Frameworks */ = {
			isa = PBXGroup;
			children = (
				D1D6668F705746EF575303BE /* Accelerate.framework */,
				10F1060290ADE80B618ED462 /* AudioToolbox.framework */,
				53E96319FE865B9520997716 /* AVFoundation.framework */,
				6590CB027E9666A5A5F7EE04 /* CoreAudio.framework */,
				60BC4D1680BC3B793A9D9C00 /* CoreAudioKit.framework */,
				58709E0F20F6AB7746A30963 /* CoreGraphics.framework */,
				AD2C9451E2E19DA7A1EF4CB6 /* CoreImage.framework */,
				03D4B7D162D7CBED46A11356 /* CoreMIDI.framework */,
				90FBE5798A2ED45814228112 /* CoreText.framework */,
				440B80983681B0D6A4B2284D /* Foundation.framework */,
				5FE7EA003E21EC7CAD8CD08A /* MobileCoreServices.framework */,
				31EC13840C65CEB55AF46BFB /* OpenGLES.framework */,
				E9EF5B13BE1843CAECD82A66 /* QuartzCore.framework */,
				1ADCB428CC4817D8F08E0EC8 /* UIKit.framework */,
			);
			name = Frameworks;
			sourceTree = "<group>";
		};
		E056C59A79992E6E82369039 /* SMPTEsender */ = {
			isa = PBXGroup;
			children = (
				2E003BC710947BE4B65E153E /* Source */,
			);
			name = SMPTEsender;
			sourceTree = "<group>";
		};
/* End PBXGroup section */

/* Begin PBXNativeTarget section */
		2DE614A3AE6900D16DD20590 /* SMPTEsender - App */ = {
			isa = PBXNativeTarget;
			buildConfigurationList = 7720FE8B4AE9269E391FDC61 /* Build configuration list for PBXNativeTarget "SMPTEsender - App" */;
			buildPhases = (
				EA19EE35D57EFD62B49AA9F6 /* Resources */,
				DECA9776039DEA9927D590B7 /* Sources */,
				4A2C4CCCB9BD82C52259EB94 /* Frameworks */,
			);
			buildRules = (
			);
			dependencies = (
			);
			name = "SMPTEsender - App";
			productName = SMPTEsender;
			productReference = D571C5091D0E17A3E56A2DA9 /* SMPTEsender.app */;
			productType = "com.apple.product-type.application";
		};
/* End PBXNativeTarget section */

/* Begin PBXProject section */
		FED0C81B28CBFB005A228A30 /* Project object */ = {
			isa = PBXProject;
			attributes = {
				LastUpgradeCheck = 1100;
				ORGANIZATIONNAME = "";
				TargetAttributes = {
					2DE614A3AE6900D16DD20590 = {
						DevelopmentTeam = 38RSB3KTT7;
						ProvisioningStyle = Automatic;
						SystemCapabilities = {
							com.apple.ApplicationGroups.iOS = {
								enabled = 0;
							};
							com.apple.HardenedRuntime = {
								enabled = 0;
							};
							com.apple.InAppPurchase = {
								enabled = 0;
							};
							com.apple.InterAppAudio = {
								enabled = 0;
							};
							com.apple.Push = {
								enabled = 0;
							};
							com.apple.Sandbox = {
								enabled = 0;
							};
						};
					};
				};
			};
			buildConfigurationList = D4E2BF9EE2DF68F225CE0BDC /* Build configuration list for PBXProject "SMPTEsender" */;
			compatibilityVersion = "Xcode 3.2";
			developmentRegion = en;
			hasScannedForEncodings = 0;
			knownRegions = (
				en,
				Base,
			);
			mainGroup = 70710B35F9E5A8E1B98E1BEA /* Source */;
			projectDirPath = "";
			projectRoot = "";
			targets = (
				2DE614A3AE6900D16DD20590 /* SMPTEsender - App */,
			);
		};
/* End PBXProject section */

/* Begin PBXResourcesBuildPhase section */
		EA19EE35D57EFD62B49AA9F6 /* Resources */ = {
			isa = PBXResourcesBuildPhase;
			buildActionMask = 2147483647;
			files = (
				37DE34CD178D79385A6B0DF0 /* Images.xcassets in Resources */,
				D24E70D2B32F494BA68736DC /* LaunchScreen.storyboard in Resources */,
			);
			runOnlyForDeploymentPostprocessing = 0;
		};
/* End PBXResourcesBuildPhase section */

/* Begin PBXSourcesBuildPhase section */
		DECA9776039DEA9927D590B7 /* Sources */ = {
			isa = PBXSourcesBuildPhase;
			buildActionMask = 2147483647;
			files = (
				74E6C8FA0E6F19290748B074 /* MainComponent.cpp in Sources */,
				D7751A3C3D1960136EC68607 /* Main.cpp in Sources */,
				305DA07CE5F40C334F8717DF /* include_juce_audio_basics.mm in Sources */,
				720AB20C32464E65758917A6 /* include_juce_audio_devices.mm in Sources */,
				A98F3BA6D63C2A215916F2C7 /* include_juce_audio_formats.mm in Sources */,
				5D85F6FF278C67A9F3F24F82 /* include_juce_audio_processors.mm in Sources */,
				E910305FDE3BAAB9563DFE09 /* include_juce_audio_utils.mm in Sources */,
				E93120F8A8B7B3C8684F6624 /* include_juce_core.mm in Sources */,
				6C3D97B37BAFB0AE59248B0D /* include_juce_cryptography.mm in Sources */,
				575AAD634588491E30F893AA /* include_juce_data_structures.mm in Sources */,
				0C009D3368709E476972D013 /* include_juce_events.mm in Sources */,
				A29C4D632D77C97A21FA2413 /* include_juce_graphics.mm in Sources */,
				7D9B38DDDA0CCED7BD68022A /* include_juce_gui_basics.mm in Sources */,
				2694A9D4DD93A2B1ACAF1B71 /* include_juce_gui_extra.mm in Sources */,
				7DA13F87FA981EEF095BAB9E /* include_juce_opengl.mm in Sources */,
			);
			runOnlyForDeploymentPostprocessing = 0;
		};
/* End PBXSourcesBuildPhase section */

/* Begin XCBuildConfiguration section */
		2BE210BB3756D81A1753053B /* Release */ = {
			isa = XCBuildConfiguration;
			buildSettings = {
				ASSETCATALOG_COMPILER_APPICON_NAME = AppIcon;
				CLANG_CXX_LANGUAGE_STANDARD = "c++14";
				CLANG_CXX_LIBRARY = "libc++";
				CLANG_LINK_OBJC_RUNTIME = NO;
				CODE_SIGN_IDENTITY = "Apple Development";
				"CODE_SIGN_IDENTITY[sdk=iphoneos*]" = "iPhone Developer";
				CODE_SIGN_STYLE = Automatic;
				COMBINE_HIDPI_IMAGES = YES;
				CONFIGURATION_BUILD_DIR = "$(PROJECT_DIR)/build/$(CONFIGURATION)";
				DEAD_CODE_STRIPPING = YES;
				DEVELOPMENT_TEAM = 38RSB3KTT7;
				GCC_GENERATE_DEBUGGING_SYMBOLS = NO;
				GCC_OPTIMIZATION_LEVEL = 3;
				GCC_PREPROCESSOR_DEFINITIONS = (
					"_NDEBUG=1",
					"NDEBUG=1",
					"JUCER_XCODE_IPHONE_5BC26AE3=1",
					"JUCE_APP_VERSION=1.0.0",
					"JUCE_APP_VERSION_HEX=0x10000",
					"JucePlugin_Build_VST=0",
					"JucePlugin_Build_VST3=0",
					"JucePlugin_Build_AU=0",
					"JucePlugin_Build_AUv3=0",
					"JucePlugin_Build_RTAS=0",
					"JucePlugin_Build_AAX=0",
					"JucePlugin_Build_Standalone=0",
					"JucePlugin_Build_Unity=0",
				);
				GCC_SYMBOLS_PRIVATE_EXTERN = YES;
				GCC_VERSION = com.apple.compilers.llvm.clang.1_0;
				HEADER_SEARCH_PATHS = (
					../../JuceLibraryCode,
					"$(HOME)/JUCE/modules",
					"$(inherited)",
				);
				INFOPLIST_FILE = "Info-App.plist";
				INFOPLIST_PREPROCESS = NO;
				INSTALL_PATH = "$(HOME)/Applications";
				IPHONEOS_DEPLOYMENT_TARGET = 11.0;
				LLVM_LTO = YES;
				PRODUCT_BUNDLE_IDENTIFIER = com.pixelclone.smptesender;
				PRODUCT_NAME = SMPTEsender;
				PROVISIONING_PROFILE_SPECIFIER = "";
				USE_HEADERMAP = NO;
			};
			name = Release;
		};
		BAB709ACE14AD3045C651FE1 /* Release */ = {
			isa = XCBuildConfiguration;
			buildSettings = {
				ALWAYS_SEARCH_USER_PATHS = NO;
				CLANG_ENABLE_OBJC_WEAK = YES;
				CLANG_WARN_BLOCK_CAPTURE_AUTORELEASING = YES;
				CLANG_WARN_BOOL_CONVERSION = YES;
				CLANG_WARN_COMMA = YES;
				CLANG_WARN_CONSTANT_CONVERSION = YES;
				CLANG_WARN_DEPRECATED_OBJC_IMPLEMENTATIONS = YES;
				CLANG_WARN_EMPTY_BODY = YES;
				CLANG_WARN_ENUM_CONVERSION = YES;
				CLANG_WARN_INFINITE_RECURSION = YES;
				CLANG_WARN_INT_CONVERSION = YES;
				CLANG_WARN_NON_LITERAL_NULL_CONVERSION = YES;
				CLANG_WARN_OBJC_IMPLICIT_RETAIN_SELF = YES;
				CLANG_WARN_OBJC_LITERAL_CONVERSION = YES;
				CLANG_WARN_RANGE_LOOP_ANALYSIS = YES;
				CLANG_WARN_STRICT_PROTOTYPES = YES;
				CLANG_WARN_SUSPICIOUS_MOVE = YES;
				CLANG_WARN_UNREACHABLE_CODE = YES;
				CLANG_WARN__DUPLICATE_METHOD_MATCH = YES;
				"CODE_SIGN_IDENTITY[sdk=iphoneos*]" = "iPhone Developer";
				DEBUG_INFORMATION_FORMAT = dwarf;
				ENABLE_STRICT_OBJC_MSGSEND = YES;
				GCC_C_LANGUAGE_STANDARD = c11;
				GCC_INLINES_ARE_PRIVATE_EXTERN = YES;
				GCC_MODEL_TUNING = G5;
				GCC_NO_COMMON_BLOCKS = YES;
				GCC_WARN_64_TO_32_BIT_CONVERSION = YES;
				GCC_WARN_ABOUT_RETURN_TYPE = YES;
				GCC_WARN_CHECK_SWITCH_STATEMENTS = YES;
				GCC_WARN_MISSING_PARENTHESES = YES;
				GCC_WARN_NON_VIRTUAL_DESTRUCTOR = YES;
				GCC_WARN_TYPECHECK_CALLS_TO_PRINTF = YES;
				GCC_WARN_UNDECLARED_SELECTOR = YES;
				GCC_WARN_UNINITIALIZED_AUTOS = YES;
				GCC_WARN_UNUSED_FUNCTION = YES;
				GCC_WARN_UNUSED_VARIABLE = YES;
				IPHONEOS_DEPLOYMENT_TARGET = 9.3;
				PRODUCT_NAME = SMPTEsender;
				SDKROOT = iphoneos;
				TARGETED_DEVICE_FAMILY = "1,2";
				WARNING_CFLAGS = "-Wreorder";
				ZERO_LINK = NO;
			};
			name = Release;
		};
		CE542FA0FA17F67CE3DAF447 /* Debug */ = {
			isa = XCBuildConfiguration;
			buildSettings = {
				ALWAYS_SEARCH_USER_PATHS = NO;
				CLANG_ENABLE_OBJC_WEAK = YES;
				CLANG_WARN_BLOCK_CAPTURE_AUTORELEASING = YES;
				CLANG_WARN_BOOL_CONVERSION = YES;
				CLANG_WARN_COMMA = YES;
				CLANG_WARN_CONSTANT_CONVERSION = YES;
				CLANG_WARN_DEPRECATED_OBJC_IMPLEMENTATIONS = YES;
				CLANG_WARN_EMPTY_BODY = YES;
				CLANG_WARN_ENUM_CONVERSION = YES;
				CLANG_WARN_INFINITE_RECURSION = YES;
				CLANG_WARN_INT_CONVERSION = YES;
				CLANG_WARN_NON_LITERAL_NULL_CONVERSION = YES;
				CLANG_WARN_OBJC_IMPLICIT_RETAIN_SELF = YES;
				CLANG_WARN_OBJC_LITERAL_CONVERSION = YES;
				CLANG_WARN_RANGE_LOOP_ANALYSIS = YES;
				CLANG_WARN_STRICT_PROTOTYPES = YES;
				CLANG_WARN_SUSPICIOUS_MOVE = YES;
				CLANG_WARN_UNREACHABLE_CODE = YES;
				CLANG_WARN__DUPLICATE_METHOD_MATCH = YES;
				"CODE_SIGN_IDENTITY[sdk=iphoneos*]" = "iPhone Developer";
				DEBUG_INFORMATION_FORMAT = dwarf;
				ENABLE_STRICT_OBJC_MSGSEND = YES;
				ENABLE_TESTABILITY = YES;
				GCC_C_LANGUAGE_STANDARD = c11;
				GCC_INLINES_ARE_PRIVATE_EXTERN = YES;
				GCC_MODEL_TUNING = G5;
				GCC_NO_COMMON_BLOCKS = YES;
				GCC_WARN_64_TO_32_BIT_CONVERSION = YES;
				GCC_WARN_ABOUT_RETURN_TYPE = YES;
				GCC_WARN_CHECK_SWITCH_STATEMENTS = YES;
				GCC_WARN_MISSING_PARENTHESES = YES;
				GCC_WARN_NON_VIRTUAL_DESTRUCTOR = YES;
				GCC_WARN_TYPECHECK_CALLS_TO_PRINTF = YES;
				GCC_WARN_UNDECLARED_SELECTOR = YES;
				GCC_WARN_UNINITIALIZED_AUTOS = YES;
				GCC_WARN_UNUSED_FUNCTION = YES;
				GCC_WARN_UNUSED_VARIABLE = YES;
				IPHONEOS_DEPLOYMENT_TARGET = 9.3;
				ONLY_ACTIVE_ARCH = YES;
				PRODUCT_NAME = SMPTEsender;
				SDKROOT = iphoneos;
				TARGETED_DEVICE_FAMILY = "1,2";
				WARNING_CFLAGS = "-Wreorder";
				ZERO_LINK = NO;
			};
			name = Debug;
		};
		FE840C072353AA3C2454787C /* Debug */ = {
			isa = XCBuildConfiguration;
			buildSettings = {
				ASSETCATALOG_COMPILER_APPICON_NAME = AppIcon;
				CLANG_CXX_LANGUAGE_STANDARD = "c++14";
				CLANG_CXX_LIBRARY = "libc++";
				CLANG_LINK_OBJC_RUNTIME = NO;
				CODE_SIGN_IDENTITY = "Apple Development";
				"CODE_SIGN_IDENTITY[sdk=iphoneos*]" = "iPhone Developer";
				CODE_SIGN_STYLE = Automatic;
				COMBINE_HIDPI_IMAGES = YES;
				CONFIGURATION_BUILD_DIR = "$(PROJECT_DIR)/build/$(CONFIGURATION)";
				COPY_PHASE_STRIP = NO;
				DEVELOPMENT_TEAM = 38RSB3KTT7;
				GCC_DYNAMIC_NO_PIC = NO;
				GCC_OPTIMIZATION_LEVEL = 0;
				GCC_PREPROCESSOR_DEFINITIONS = (
					"_DEBUG=1",
					"DEBUG=1",
					"JUCER_XCODE_IPHONE_5BC26AE3=1",
					"JUCE_APP_VERSION=1.0.0",
					"JUCE_APP_VERSION_HEX=0x10000",
					"JucePlugin_Build_VST=0",
					"JucePlugin_Build_VST3=0",
					"JucePlugin_Build_AU=0",
					"JucePlugin_Build_AUv3=0",
					"JucePlugin_Build_RTAS=0",
					"JucePlugin_Build_AAX=0",
					"JucePlugin_Build_Standalone=0",
					"JucePlugin_Build_Unity=0",
				);
				GCC_VERSION = com.apple.compilers.llvm.clang.1_0;
				HEADER_SEARCH_PATHS = (
					../../JuceLibraryCode,
					"$(HOME)/JUCE/modules",
					"$(inherited)",
				);
				INFOPLIST_FILE = "Info-App.plist";
				INFOPLIST_PREPROCESS = NO;
				INSTALL_PATH = "$(HOME)/Applications";
				IPHONEOS_DEPLOYMENT_TARGET = 11.0;
				PRODUCT_BUNDLE_IDENTIFIER = com.pixelclone.smptesender;
				PRODUCT_NAME = SMPTEsender;
				PROVISIONING_PROFILE_SPECIFIER = "";
				USE_HEADERMAP = NO;
			};
			name = Debug;
		};
/* End XCBuildConfiguration section */

/* Begin XCConfigurationList section */
		7720FE8B4AE9269E391FDC61 /* Build configuration list for PBXNativeTarget "SMPTEsender - App" */ = {
			isa = XCConfigurationList;
			buildConfigurations = (
				FE840C072353AA3C2454787C /* Debug */,
				2BE210BB3756D81A1753053B /* Release */,
			);
			defaultConfigurationIsVisible = 0;
			defaultConfigurationName = Debug;
		};
		D4E2BF9EE2DF68F225CE0BDC /* Build configuration list for PBXProject "SMPTEsender" */ = {
			isa = XCConfigurationList;
			buildConfigurations = (
				CE542FA0FA17F67CE3DAF447 /* Debug */,
				BAB709ACE14AD3045C651FE1 /* Release */,
			);
			defaultConfigurationIsVisible = 0;
			defaultConfigurationName = Debug;
		};
/* End XCConfigurationList section */
	};
	rootObject = FED0C81B28CBFB005A228A30 /* Project object */;
}
